
Microsoft Visual Studio Solution File, Format Version 12.00
# Visual Studio Version 16
VisualStudioVersion = 16.0.810.18
MinimumVisualStudioVersion = 10.0.40219.1
Project("{FAE04EC0-301F-11D3-BF4B-00C04F79EFBC}") = "RPG-Characters", "RPG-Characters\RPG-Characters.csproj", "{08924B20-38C5-4716-90A5-01A65D12A0AC}"
EndProject
Project("{FAE04EC0-301F-11D3-BF4B-00C04F79EFBC}") = "RPG-Characters-Tests", "RPG-Characters-Tests\RPG-Characters-Tests.csproj", "{D3BB5241-F8F5-4579-952B-579E290CD2A3}"
EndProject
Global
	GlobalSection(SolutionConfigurationPlatforms) = preSolution
		Debug|Any CPU = Debug|Any CPU
		Release|Any CPU = Release|Any CPU
	EndGlobalSection
	GlobalSection(ProjectConfigurationPlatforms) = postSolution
		{08924B20-38C5-4716-90A5-01A65D12A0AC}.Debug|Any CPU.ActiveCfg = Debug|Any CPU
		{08924B20-38C5-4716-90A5-01A65D12A0AC}.Debug|Any CPU.Build.0 = Debug|Any CPU
		{08924B20-38C5-4716-90A5-01A65D12A0AC}.Release|Any CPU.ActiveCfg = Release|Any CPU
		{08924B20-38C5-4716-90A5-01A65D12A0AC}.Release|Any CPU.Build.0 = Release|Any CPU
		{D3BB5241-F8F5-4579-952B-579E290CD2A3}.Debug|Any CPU.ActiveCfg = Debug|Any CPU
		{D3BB5241-F8F5-4579-952B-579E290CD2A3}.Debug|Any CPU.Build.0 = Debug|Any CPU
		{D3BB5241-F8F5-4579-952B-579E290CD2A3}.Release|Any CPU.ActiveCfg = Release|Any CPU
		{D3BB5241-F8F5-4579-952B-579E290CD2A3}.Release|Any CPU.Build.0 = Release|Any CPU
	EndGlobalSection
	GlobalSection(SolutionProperties) = preSolution
		HideSolutionNode = FALSE
	EndGlobalSection
	GlobalSection(ExtensibilityGlobals) = postSolution
		SolutionGuid = {5C725920-8FFC-4D49-9078-1B2DBC8B1972}
	EndGlobalSection
EndGlobal
